uuid: b566933d-72b7-4e02-8c9f-7636f0cc3114
langcode: en
status: true
dependencies:
  module:
    - social_media
    - system
  theme:
    - askviv
id: socialsharingblock
theme: askviv
region: content
weight: -7
provider: null
plugin: social_sharing_block
settings:
  id: social_sharing_block
  label: 'Share this page:'
  provider: social_media
  label_display: visible
visibility:
  request_path:
    id: request_path
    pages: '<front>'
    negate: true
    context_mapping: {  }
